Microsoft Visual Studio Solution File, Format Version 12.00
# Visual Studio Version 17
VisualStudioVersion = 17.5.2.0
MinimumVisualStudioVersion = 10.0.40219.1
Project("{FAE04EC0-301F-11D3-BF4B-00C04F79EFBC}") = "proj_16", "proj_16.csproj", "{E7B0DACB-A4A1-2EF6-9C98-92C41CC31794}"
EndProject
Global
	GlobalSection(SolutionConfigurationPlatforms) = preSolution
		Debug|Any CPU = Debug|Any CPU
		Release|Any CPU = Release|Any CPU
	EndGlobalSection
	GlobalSection(ProjectConfigurationPlatforms) = postSolution
		{E7B0DACB-A4A1-2EF6-9C98-92C41CC31794}.Debug|Any CPU.ActiveCfg = Debug|Any CPU
		{E7B0DACB-A4A1-2EF6-9C98-92C41CC31794}.Debug|Any CPU.Build.0 = Debug|Any CPU
		{E7B0DACB-A4A1-2EF6-9C98-92C41CC31794}.Release|Any CPU.ActiveCfg = Release|Any CPU
		{E7B0DACB-A4A1-2EF6-9C98-92C41CC31794}.Release|Any CPU.Build.0 = Release|Any CPU
	EndGlobalSection
	GlobalSection(SolutionProperties) = preSolution
		HideSolutionNode = FALSE
	EndGlobalSection
	GlobalSection(ExtensibilityGlobals) = postSolution
		SolutionGuid = {A81A123B-7A42-4DF1-B56A-D0EC3A67F7C7}
	EndGlobalSection
EndGlobal
