Microsoft Visual Studio Solution File, Format Version 12.00
# Visual Studio Version 17
VisualStudioVersion = 17.5.2.0
MinimumVisualStudioVersion = 10.0.40219.1
Project("{FAE04EC0-301F-11D3-BF4B-00C04F79EFBC}") = "proj_12", "proj_12.csproj", "{B33D6F04-D567-A1B6-A641-425E3C4633C7}"
EndProject
Global
	GlobalSection(SolutionConfigurationPlatforms) = preSolution
		Debug|Any CPU = Debug|Any CPU
		Release|Any CPU = Release|Any CPU
	EndGlobalSection
	GlobalSection(ProjectConfigurationPlatforms) = postSolution
		{B33D6F04-D567-A1B6-A641-425E3C4633C7}.Debug|Any CPU.ActiveCfg = Debug|Any CPU
		{B33D6F04-D567-A1B6-A641-425E3C4633C7}.Debug|Any CPU.Build.0 = Debug|Any CPU
		{B33D6F04-D567-A1B6-A641-425E3C4633C7}.Release|Any CPU.ActiveCfg = Release|Any CPU
		{B33D6F04-D567-A1B6-A641-425E3C4633C7}.Release|Any CPU.Build.0 = Release|Any CPU
	EndGlobalSection
	GlobalSection(SolutionProperties) = preSolution
		HideSolutionNode = FALSE
	EndGlobalSection
	GlobalSection(ExtensibilityGlobals) = postSolution
		SolutionGuid = {024A8CAA-5D44-4C9A-93F3-AF9C18AC9BF8}
	EndGlobalSection
EndGlobal
